
Microsoft Visual Studio Solution File, Format Version 12.00
# Visual Studio Version 16
VisualStudioVersion = 16.0.31424.327
MinimumVisualStudioVersion = 10.0.40219.1
Project("{FAE04EC0-301F-11D3-BF4B-00C04F79EFBC}") = "C-Sharp_Begginers", "C-Sharp_Begginers.csproj", "{036B70D0-3A7A-4698-86F8-B7FDC212DEA0}"
EndProject
Global
	GlobalSection(SolutionConfigurationPlatforms) = preSolution
		Debug|Any CPU = Debug|Any CPU
		Release|Any CPU = Release|Any CPU
	EndGlobalSection
	GlobalSection(ProjectConfigurationPlatforms) = postSolution
		{036B70D0-3A7A-4698-86F8-B7FDC212DEA0}.Debug|Any CPU.ActiveCfg = Debug|Any CPU
		{036B70D0-3A7A-4698-86F8-B7FDC212DEA0}.Debug|Any CPU.Build.0 = Debug|Any CPU
		{036B70D0-3A7A-4698-86F8-B7FDC212DEA0}.Release|Any CPU.ActiveCfg = Release|Any CPU
		{036B70D0-3A7A-4698-86F8-B7FDC212DEA0}.Release|Any CPU.Build.0 = Release|Any CPU
	EndGlobalSection
	GlobalSection(SolutionProperties) = preSolution
		HideSolutionNode = FALSE
	EndGlobalSection
	GlobalSection(ExtensibilityGlobals) = postSolution
		SolutionGuid = {3AB5ADDB-2299-478D-A76A-64F43B4733AD}
	EndGlobalSection
EndGlobal
